
Microsoft Visual Studio Solution File, Format Version 12.00
# Visual Studio Version 16
VisualStudioVersion = 16.0.29519.87
MinimumVisualStudioVersion = 10.0.40219.1
Project("{FAE04EC0-301F-11D3-BF4B-00C04F79EFBC}") = "WebSite", "WebSite\WebSite.csproj", "{09423BBE-E541-4B60-9381-5D8623B54DAA}"
EndProject
Global
	GlobalSection(SolutionConfigurationPlatforms) = preSolution
		Debug|Any CPU = Debug|Any CPU
		Release|Any CPU = Release|Any CPU
	EndGlobalSection
	GlobalSection(ProjectConfigurationPlatforms) = postSolution
		{09423BBE-E541-4B60-9381-5D8623B54DAA}.Debug|Any CPU.ActiveCfg = Debug|Any CPU
		{09423BBE-E541-4B60-9381-5D8623B54DAA}.Debug|Any CPU.Build.0 = Debug|Any CPU
		{09423BBE-E541-4B60-9381-5D8623B54DAA}.Release|Any CPU.ActiveCfg = Release|Any CPU
		{09423BBE-E541-4B60-9381-5D8623B54DAA}.Release|Any CPU.Build.0 = Release|Any CPU
	EndGlobalSection
	GlobalSection(SolutionProperties) = preSolution
		HideSolutionNode = FALSE
	EndGlobalSection
	GlobalSection(ExtensibilityGlobals) = postSolution
		SolutionGuid = {A2F20A5D-38C0-4F81-9D5C-5642639B99B3}
	EndGlobalSection
EndGlobal
